
Microsoft Visual Studio Solution File, Format Version 12.00
# Visual Studio Version 17
VisualStudioVersion = 17.1.32228.430
MinimumVisualStudioVersion = 10.0.40219.1
Project("{FAE04EC0-301F-11D3-BF4B-00C04F79EFBC}") = "Punto de Venta", "Punto de Venta\Punto de Venta.csproj", "{9FAF832D-70AD-4A94-A095-492783541CDB}"
EndProject
Project("{FAE04EC0-301F-11D3-BF4B-00C04F79EFBC}") = "Datos", "Datos\Datos.csproj", "{6D81E68B-DE43-474F-865F-10DC6552C9A7}"
EndProject
Project("{FAE04EC0-301F-11D3-BF4B-00C04F79EFBC}") = "Negocios", "Negocios\Negocios.csproj", "{F2FB7A1F-B55A-474D-AF87-C1384E237084}"
EndProject
Global
	GlobalSection(SolutionConfigurationPlatforms) = preSolution
		Debug|Any CPU = Debug|Any CPU
		Release|Any CPU = Release|Any CPU
	EndGlobalSection
	GlobalSection(ProjectConfigurationPlatforms) = postSolution
		{9FAF832D-70AD-4A94-A095-492783541CDB}.Debug|Any CPU.ActiveCfg = Debug|Any CPU
		{9FAF832D-70AD-4A94-A095-492783541CDB}.Debug|Any CPU.Build.0 = Debug|Any CPU
		{9FAF832D-70AD-4A94-A095-492783541CDB}.Release|Any CPU.ActiveCfg = Release|Any CPU
		{9FAF832D-70AD-4A94-A095-492783541CDB}.Release|Any CPU.Build.0 = Release|Any CPU
		{6D81E68B-DE43-474F-865F-10DC6552C9A7}.Debug|Any CPU.ActiveCfg = Debug|Any CPU
		{6D81E68B-DE43-474F-865F-10DC6552C9A7}.Debug|Any CPU.Build.0 = Debug|Any CPU
		{6D81E68B-DE43-474F-865F-10DC6552C9A7}.Release|Any CPU.ActiveCfg = Release|Any CPU
		{6D81E68B-DE43-474F-865F-10DC6552C9A7}.Release|Any CPU.Build.0 = Release|Any CPU
		{F2FB7A1F-B55A-474D-AF87-C1384E237084}.Debug|Any CPU.ActiveCfg = Debug|Any CPU
		{F2FB7A1F-B55A-474D-AF87-C1384E237084}.Debug|Any CPU.Build.0 = Debug|Any CPU
		{F2FB7A1F-B55A-474D-AF87-C1384E237084}.Release|Any CPU.ActiveCfg = Release|Any CPU
		{F2FB7A1F-B55A-474D-AF87-C1384E237084}.Release|Any CPU.Build.0 = Release|Any CPU
	EndGlobalSection
	GlobalSection(SolutionProperties) = preSolution
		HideSolutionNode = FALSE
	EndGlobalSection
	GlobalSection(ExtensibilityGlobals) = postSolution
		SolutionGuid = {4D5DEF83-6817-40C8-8B0E-E6C0F83C5A98}
	EndGlobalSection
EndGlobal
